// !$*UTF8*$!
{
	archiveVersion = 1;
	classes = {
	};
	objectVersion = 45;
	objects = {

/* Begin PBXBuildFile section */
		1D60589B0D05DD56006BFB54 /* main.m in Sources */ = {isa = PBXBuildFile; fileRef = 29B97316FDCFA39411CA2CEA /* main.m */; };
		1F3B9A2D0EF2145700286867 /* ExampleAppDelegate.m in Sources */ = {isa = PBXBuildFile; fileRef = 1F3B9A2B0EF2145700286867 /* ExampleAppDelegate.m */; };
		473FCC44156A6B03007DD659 /* HelloWorldLayer.m in Sources */ = {isa = PBXBuildFile; fileRef = 473FCC43156A6B03007DD659 /* HelloWorldLayer.m */; };
		473FCC46156A6BCE007DD659 /* GameKit.framework in Frameworks */ = {isa = PBXBuildFile; fileRef = 473FCC45156A6BCE007DD659 /* GameKit.framework */; };
		473FCC4C156A6DC4007DD659 /* fps_images.png in Resources */ = {isa = PBXBuildFile; fileRef = 473FCC49156A6DC4007DD659 /* fps_images.png */; };
		473FCC4D156A6DC4007DD659 /* fps_images-hd.png in Resources */ = {isa = PBXBuildFile; fileRef = 473FCC4A156A6DC4007DD659 /* fps_images-hd.png */; };
		473FCC4E156A6DC4007DD659 /* fps_images-ipadhd.png in Resources */ = {isa = PBXBuildFile; fileRef = 473FCC4B156A6DC4007DD659 /* fps_images-ipadhd.png */; };
		47B71D60137130530008113A /* CCBlade.m in Sources */ = {isa = PBXBuildFile; fileRef = 47B71D5D137130530008113A /* CCBlade.m */; };
		47B71D61137130530008113A /* TouchTrailLayer.m in Sources */ = {isa = PBXBuildFile; fileRef = 47B71D5F137130530008113A /* TouchTrailLayer.m */; };
		47B71D65137130680008113A /* streak1.png in Resources */ = {isa = PBXBuildFile; fileRef = 47B71D62137130680008113A /* streak1.png */; };
		47B71D66137130680008113A /* streak2.png in Resources */ = {isa = PBXBuildFile; fileRef = 47B71D63137130680008113A /* streak2.png */; };
		47B71D67137130680008113A /* streak3.png in Resources */ = {isa = PBXBuildFile; fileRef = 47B71D64137130680008113A /* streak3.png */; };
		47B802CC13F269D9006B0B98 /* streak1-hd.png in Resources */ = {isa = PBXBuildFile; fileRef = 47B802C913F269D9006B0B98 /* streak1-hd.png */; };
		47B802CD13F269D9006B0B98 /* streak2-hd.png in Resources */ = {isa = PBXBuildFile; fileRef = 47B802CA13F269D9006B0B98 /* streak2-hd.png */; };
		47B802CE13F269D9006B0B98 /* streak3-hd.png in Resources */ = {isa = PBXBuildFile; fileRef = 47B802CB13F269D9006B0B98 /* streak3-hd.png */; };
		47B802D013F26A4C006B0B98 /* Default-hd.png in Resources */ = {isa = PBXBuildFile; fileRef = 47B802CF13F26A4C006B0B98 /* Default-hd.png */; };
		506EDB88102F4C4000A389B3 /* libz.dylib in Frameworks */ = {isa = PBXBuildFile; fileRef = 506EDB87102F4C4000A389B3 /* libz.dylib */; };
		506EDBA5102F4C9F00A389B3 /* AVFoundation.framework in Frameworks */ = {isa = PBXBuildFile; fileRef = 506EDBA4102F4C9F00A389B3 /* AVFoundation.framework */; };
		50F414F01069373D002A0D5E /* Default.png in Resources */ = {isa = PBXBuildFile; fileRef = 50F414EC1069373D002A0D5E /* Default.png */; };
		50F414F21069373D002A0D5E /* Icon.png in Resources */ = {isa = PBXBuildFile; fileRef = 50F414EE1069373D002A0D5E /* Icon.png */; };
		DC6640030F83B3EA000B3E49 /* AudioToolbox.framework in Frameworks */ = {isa = PBXBuildFile; fileRef = DC6640020F83B3EA000B3E49 /* AudioToolbox.framework */; };
		DC6640050F83B3EA000B3E49 /* OpenAL.framework in Frameworks */ = {isa = PBXBuildFile; fileRef = DC6640040F83B3EA000B3E49 /* OpenAL.framework */; };
		DCCBF1B70F6022AE0040855A /* CoreGraphics.framework in Frameworks */ = {isa = PBXBuildFile; fileRef = DCCBF1B60F6022AE0040855A /* CoreGraphics.framework */; };
		DCCBF1B90F6022AE0040855A /* Foundation.framework in Frameworks */ = {isa = PBXBuildFile; fileRef = DCCBF1B80F6022AE0040855A /* Foundation.framework */; };
		DCCBF1BB0F6022AE0040855A /* OpenGLES.framework in Frameworks */ = {isa = PBXBuildFile; fileRef = DCCBF1BA0F6022AE0040855A /* OpenGLES.framework */; };
		DCCBF1BD0F6022AE0040855A /* QuartzCore.framework in Frameworks */ = {isa = PBXBuildFile; fileRef = DCCBF1BC0F6022AE0040855A /* QuartzCore.framework */; };
		DCCBF1BF0F6022AE0040855A /* UIKit.framework in Frameworks */ = {isa = PBXBuildFile; fileRef = DCCBF1BE0F6022AE0040855A /* UIKit.framework */; };
		E02BB504126CA50F006E46A2 /* Icon@2x.png in Resources */ = {isa = PBXBuildFile; fileRef = E02BB4FE126CA50F006E46A2 /* Icon@2x.png */; };
		E02BB505126CA50F006E46A2 /* Icon-Small@2x.png in Resources */ = {isa = PBXBuildFile; fileRef = E02BB4FF126CA50F006E46A2 /* Icon-Small@2x.png */; };
		E02BB506126CA50F006E46A2 /* Icon-Small.png in Resources */ = {isa = PBXBuildFile; fileRef = E02BB500126CA50F006E46A2 /* Icon-Small.png */; };
		E02BB507126CA50F006E46A2 /* Icon-Small-50.png in Resources */ = {isa = PBXBuildFile; fileRef = E02BB501126CA50F006E46A2 /* Icon-Small-50.png */; };
		E02BB508126CA50F006E46A2 /* Icon-72.png in Resources */ = {isa = PBXBuildFile; fileRef = E02BB502126CA50F006E46A2 /* Icon-72.png */; };
		E02BB763126CC1E0006E46A2 /* iTunesArtwork in Resources */ = {isa = PBXBuildFile; fileRef = E02BB762126CC1E0006E46A2 /* iTunesArtwork */; };
/* End PBXBuildFile section */

/* Begin PBXFileReference section */
		1D6058910D05DD3D006BFB54 /* CCBlade.app */ = {isa = PBXFileReference; explicitFileType = wrapper.application; includeInIndex = 0; path = CCBlade.app; sourceTree = BUILT_PRODUCTS_DIR; };
		1F3B9A2B0EF2145700286867 /* ExampleAppDelegate.m */ = {isa = PBXFileReference; fileEncoding = 4; lastKnownFileType = sourcecode.c.objc; name = ExampleAppDelegate.m; path = Classes/ExampleAppDelegate.m; sourceTree = SOURCE_ROOT; };
		1F3B9A2C0EF2145700286867 /* ExampleAppDelegate.h */ = {isa = PBXFileReference; fileEncoding = 4; lastKnownFileType = sourcecode.c.h; name = ExampleAppDelegate.h; path = Classes/ExampleAppDelegate.h; sourceTree = SOURCE_ROOT; };
		1F3B9A820EF2151B00286867 /* Example_Prefix.pch */ = {isa = PBXFileReference; fileEncoding = 4; lastKnownFileType = sourcecode.c.h; path = Example_Prefix.pch; sourceTree = SOURCE_ROOT; };
		29B97316FDCFA39411CA2CEA /* main.m */ = {isa = PBXFileReference; fileEncoding = 4; lastKnownFileType = sourcecode.c.objc; path = main.m; sourceTree = "<group>"; };
		473FCC42156A6B03007DD659 /* HelloWorldLayer.h */ = {isa = PBXFileReference; fileEncoding = 4; lastKnownFileType = sourcecode.c.h; path = HelloWorldLayer.h; sourceTree = "<group>"; };
		473FCC43156A6B03007DD659 /* HelloWorldLayer.m */ = {isa = PBXFileReference; fileEncoding = 4; lastKnownFileType = sourcecode.c.objc; path = HelloWorldLayer.m; sourceTree = "<group>"; };
		473FCC45156A6BCE007DD659 /* GameKit.framework */ = {isa = PBXFileReference; lastKnownFileType = wrapper.framework; name = GameKit.framework; path = System/Library/Frameworks/GameKit.framework; sourceTree = SDKROOT; };
		473FCC49156A6DC4007DD659 /* fps_images.png */ = {isa = PBXFileReference; lastKnownFileType = image.png; path = fps_images.png; sourceTree = "<group>"; };
		473FCC4A156A6DC4007DD659 /* fps_images-hd.png */ = {isa = PBXFileReference; lastKnownFileType = image.png; path = "fps_images-hd.png"; sourceTree = "<group>"; };
		473FCC4B156A6DC4007DD659 /* fps_images-ipadhd.png */ = {isa = PBXFileReference; lastKnownFileType = image.png; path = "fps_images-ipadhd.png"; sourceTree = "<group>"; };
		47B71D5C137130530008113A /* CCBlade.h */ = {isa = PBXFileReference; fileEncoding = 4; lastKnownFileType = sourcecode.c.h; name = CCBlade.h; path = ../../CCBlade.h; sourceTree = "<group>"; };
		47B71D5D137130530008113A /* CCBlade.m */ = {isa = PBXFileReference; explicitFileType = sourcecode.cpp.objcpp; fileEncoding = 4; name = CCBlade.m; path = ../../CCBlade.m; sourceTree = "<group>"; };
		47B71D5E137130530008113A /* TouchTrailLayer.h */ = {isa = PBXFileReference; fileEncoding = 4; lastKnownFileType = sourcecode.c.h; name = TouchTrailLayer.h; path = ../../TouchTrailLayer.h; sourceTree = "<group>"; };
		47B71D5F137130530008113A /* TouchTrailLayer.m */ = {isa = PBXFileReference; fileEncoding = 4; lastKnownFileType = sourcecode.c.objc; name = TouchTrailLayer.m; path = ../../TouchTrailLayer.m; sourceTree = "<group>"; };
		47B71D62137130680008113A /* streak1.png */ = {isa = PBXFileReference; lastKnownFileType = image.png; path = streak1.png; sourceTree = "<group>"; };
		47B71D63137130680008113A /* streak2.png */ = {isa = PBXFileReference; lastKnownFileType = image.png; path = streak2.png; sourceTree = "<group>"; };
		47B71D64137130680008113A /* streak3.png */ = {isa = PBXFileReference; lastKnownFileType = image.png; path = streak3.png; sourceTree = "<group>"; };
		47B802C913F269D9006B0B98 /* streak1-hd.png */ = {isa = PBXFileReference; lastKnownFileType = image.png; path = "streak1-hd.png"; sourceTree = "<group>"; };
		47B802CA13F269D9006B0B98 /* streak2-hd.png */ = {isa = PBXFileReference; lastKnownFileType = image.png; path = "streak2-hd.png"; sourceTree = "<group>"; };
		47B802CB13F269D9006B0B98 /* streak3-hd.png */ = {isa = PBXFileReference; lastKnownFileType = image.png; path = "streak3-hd.png"; sourceTree = "<group>"; };
		47B802CF13F26A4C006B0B98 /* Default-hd.png */ = {isa = PBXFileReference; lastKnownFileType = image.png; path = "Default-hd.png"; sourceTree = "<group>"; };
		506EDB87102F4C4000A389B3 /* libz.dylib */ = {isa = PBXFileReference; lastKnownFileType = "compiled.mach-o.dylib"; name = libz.dylib; path = usr/lib/libz.dylib; sourceTree = SDKROOT; };
		506EDBA4102F4C9F00A389B3 /* AVFoundation.framework */ = {isa = PBXFileReference; lastKnownFileType = wrapper.framework; name = AVFoundation.framework; path = System/Library/Frameworks/AVFoundation.framework; sourceTree = SDKROOT; };
		50F414EC1069373D002A0D5E /* Default.png */ = {isa = PBXFileReference; lastKnownFileType = image.png; path = Default.png; sourceTree = "<group>"; };
		50F414EE1069373D002A0D5E /* Icon.png */ = {isa = PBXFileReference; lastKnownFileType = image.png; path = Icon.png; sourceTree = "<group>"; };
		50F414EF1069373D002A0D5E /* Info.plist */ = {isa = PBXFileReference; fileEncoding = 4; lastKnownFileType = text.plist.xml; path = Info.plist; sourceTree = "<group>"; };
		DC6640020F83B3EA000B3E49 /* AudioToolbox.framework */ = {isa = PBXFileReference; lastKnownFileType = wrapper.framework; name = AudioToolbox.framework; path = System/Library/Frameworks/AudioToolbox.framework; sourceTree = SDKROOT; };
		DC6640040F83B3EA000B3E49 /* OpenAL.framework */ = {isa = PBXFileReference; lastKnownFileType = wrapper.framework; name = OpenAL.framework; path = System/Library/Frameworks/OpenAL.framework; sourceTree = SDKROOT; };
		DCCBF1B60F6022AE0040855A /* CoreGraphics.framework */ = {isa = PBXFileReference; lastKnownFileType = wrapper.framework; name = CoreGraphics.framework; path = System/Library/Frameworks/CoreGraphics.framework; sourceTree = SDKROOT; };
		DCCBF1B80F6022AE0040855A /* Foundation.framework */ = {isa = PBXFileReference; lastKnownFileType = wrapper.framework; name = Foundation.framework; path = System/Library/Frameworks/Foundation.framework; sourceTree = SDKROOT; };
		DCCBF1BA0F6022AE0040855A /* OpenGLES.framework */ = {isa = PBXFileReference; lastKnownFileType = wrapper.framework; name = OpenGLES.framework; path = System/Library/Frameworks/OpenGLES.framework; sourceTree = SDKROOT; };
		DCCBF1BC0F6022AE0040855A /* QuartzCore.framework */ = {isa = PBXFileReference; lastKnownFileType = wrapper.framework; name = QuartzCore.framework; path = System/Library/Frameworks/QuartzCore.framework; sourceTree = SDKROOT; };
		DCCBF1BE0F6022AE0040855A /* UIKit.framework */ = {isa = PBXFileReference; lastKnownFileType = wrapper.framework; name = UIKit.framework; path = System/Library/Frameworks/UIKit.framework; sourceTree = SDKROOT; };
		E02BB4FE126CA50F006E46A2 /* Icon@2x.png */ = {isa = PBXFileReference; lastKnownFileType = image.png; path = "Icon@2x.png"; sourceTree = "<group>"; };
		E02BB4FF126CA50F006E46A2 /* Icon-Small@2x.png */ = {isa = PBXFileReference; lastKnownFileType = image.png; path = "Icon-Small@2x.png"; sourceTree = "<group>"; };
		E02BB500126CA50F006E46A2 /* Icon-Small.png */ = {isa = PBXFileReference; lastKnownFileType = image.png; path = "Icon-Small.png"; sourceTree = "<group>"; };
		E02BB501126CA50F006E46A2 /* Icon-Small-50.png */ = {isa = PBXFileReference; lastKnownFileType = image.png; path = "Icon-Small-50.png"; sourceTree = "<group>"; };
		E02BB502126CA50F006E46A2 /* Icon-72.png */ = {isa = PBXFileReference; lastKnownFileType = image.png; path = "Icon-72.png"; sourceTree = "<group>"; };
		E02BB762126CC1E0006E46A2 /* iTunesArtwork */ = {isa = PBXFileReference; lastKnownFileType = file; path = iTunesArtwork; sourceTree = "<group>"; };
/* End PBXFileReference section */

/* Begin PBXFrameworksBuildPhase section */
		1D60588F0D05DD3D006BFB54 /* Frameworks */ = {
			isa = PBXFrameworksBuildPhase;
			buildActionMask = 2147483647;
			files = (
				473FCC46156A6BCE007DD659 /* GameKit.framework in Frameworks */,
				DCCBF1B70F6022AE0040855A /* CoreGraphics.framework in Frameworks */,
				DCCBF1B90F6022AE0040855A /* Foundation.framework in Frameworks */,
				DCCBF1BB0F6022AE0040855A /* OpenGLES.framework in Frameworks */,
				DCCBF1BD0F6022AE0040855A /* QuartzCore.framework in Frameworks */,
				DCCBF1BF0F6022AE0040855A /* UIKit.framework in Frameworks */,
				DC6640030F83B3EA000B3E49 /* AudioToolbox.framework in Frameworks */,
				DC6640050F83B3EA000B3E49 /* OpenAL.framework in Frameworks */,
				506EDB88102F4C4000A389B3 /* libz.dylib in Frameworks */,
				506EDBA5102F4C9F00A389B3 /* AVFoundation.framework in Frameworks */,
			);
			runOnlyForDeploymentPostprocessing = 0;
		};
/* End PBXFrameworksBuildPhase section */

/* Begin PBXGroup section */
		19C28FACFE9D520D11CA2CBB /* Products */ = {
			isa = PBXGroup;
			children = (
				1D6058910D05DD3D006BFB54 /* CCBlade.app */,
			);
			name = Products;
			sourceTree = "<group>";
		};
		29B97314FDCFA39411CA2CEA /* CustomTemplate */ = {
			isa = PBXGroup;
			children = (
				473FCC45156A6BCE007DD659 /* GameKit.framework */,
				2D500B1D0D5A766B00DBA0E3 /* Classes */,
				29B97315FDCFA39411CA2CEA /* Other Sources */,
				50F414EB1069373D002A0D5E /* Resources */,
				29B97323FDCFA39411CA2CEA /* Frameworks */,
				19C28FACFE9D520D11CA2CBB /* Products */,
			);
			name = CustomTemplate;
			sourceTree = "<group>";
		};
		29B97315FDCFA39411CA2CEA /* Other Sources */ = {
			isa = PBXGroup;
			children = (
				1F3B9A820EF2151B00286867 /* Example_Prefix.pch */,
				29B97316FDCFA39411CA2CEA /* main.m */,
			);
			name = "Other Sources";
			sourceTree = "<group>";
		};
		29B97323FDCFA39411CA2CEA /* Frameworks */ = {
			isa = PBXGroup;
			children = (
				DCCBF1B60F6022AE0040855A /* CoreGraphics.framework */,
				DCCBF1B80F6022AE0040855A /* Foundation.framework */,
				DCCBF1BA0F6022AE0040855A /* OpenGLES.framework */,
				DCCBF1BC0F6022AE0040855A /* QuartzCore.framework */,
				DCCBF1BE0F6022AE0040855A /* UIKit.framework */,
				DC6640040F83B3EA000B3E49 /* OpenAL.framework */,
				DC6640020F83B3EA000B3E49 /* AudioToolbox.framework */,
				506EDB87102F4C4000A389B3 /* libz.dylib */,
				506EDBA4102F4C9F00A389B3 /* AVFoundation.framework */,
			);
			name = Frameworks;
			sourceTree = "<group>";
		};
		2D500B1D0D5A766B00DBA0E3 /* Classes */ = {
			isa = PBXGroup;
			children = (
				473FCC42156A6B03007DD659 /* HelloWorldLayer.h */,
				473FCC43156A6B03007DD659 /* HelloWorldLayer.m */,
				47B71D5C137130530008113A /* CCBlade.h */,
				47B71D5D137130530008113A /* CCBlade.m */,
				47B71D5E137130530008113A /* TouchTrailLayer.h */,
				47B71D5F137130530008113A /* TouchTrailLayer.m */,
				1F3B9A2C0EF2145700286867 /* ExampleAppDelegate.h */,
				1F3B9A2B0EF2145700286867 /* ExampleAppDelegate.m */,
			);
			path = Classes;
			sourceTree = "<group>";
		};
		50F414EB1069373D002A0D5E /* Resources */ = {
			isa = PBXGroup;
			children = (
				473FCC49156A6DC4007DD659 /* fps_images.png */,
				473FCC4A156A6DC4007DD659 /* fps_images-hd.png */,
				473FCC4B156A6DC4007DD659 /* fps_images-ipadhd.png */,
				47B802CF13F26A4C006B0B98 /* Default-hd.png */,
				47B802C913F269D9006B0B98 /* streak1-hd.png */,
				47B802CA13F269D9006B0B98 /* streak2-hd.png */,
				47B802CB13F269D9006B0B98 /* streak3-hd.png */,
				47B71D62137130680008113A /* streak1.png */,
				47B71D63137130680008113A /* streak2.png */,
				47B71D64137130680008113A /* streak3.png */,
				E02BB762126CC1E0006E46A2 /* iTunesArtwork */,
				E02BB4FE126CA50F006E46A2 /* Icon@2x.png */,
				E02BB4FF126CA50F006E46A2 /* Icon-Small@2x.png */,
				E02BB500126CA50F006E46A2 /* Icon-Small.png */,
				E02BB501126CA50F006E46A2 /* Icon-Small-50.png */,
				E02BB502126CA50F006E46A2 /* Icon-72.png */,
				50F414EC1069373D002A0D5E /* Default.png */,
				50F414EE1069373D002A0D5E /* Icon.png */,
				50F414EF1069373D002A0D5E /* Info.plist */,
			);
			path = Resources;
			sourceTree = "<group>";
		};
/* End PBXGroup section */

/* Begin PBXNativeTarget section */
		1D6058900D05DD3D006BFB54 /* Example */ = {
			isa = PBXNativeTarget;
			buildConfigurationList = 1D6058960D05DD3E006BFB54 /* Build configuration list for PBXNativeTarget "Example" */;
			buildPhases = (
				1D60588D0D05DD3D006BFB54 /* Resources */,
				1D60588E0D05DD3D006BFB54 /* Sources */,
				1D60588F0D05DD3D006BFB54 /* Frameworks */,
			);
			buildRules = (
			);
			dependencies = (
			);
			name = Example;
			productName = Example;
			productReference = 1D6058910D05DD3D006BFB54 /* CCBlade.app */;
			productType = "com.apple.product-type.application";
		};
/* End PBXNativeTarget section */

/* Begin PBXProject section */
		29B97313FDCFA39411CA2CEA /* Project object */ = {
			isa = PBXProject;
			buildConfigurationList = C01FCF4E08A954540054247B /* Build configuration list for PBXProject "Example" */;
			compatibilityVersion = "Xcode 3.1";
			developmentRegion = English;
			hasScannedForEncodings = 1;
			knownRegions = (
				English,
				Japanese,
				French,
				German,
			);
			mainGroup = 29B97314FDCFA39411CA2CEA /* CustomTemplate */;
			projectDirPath = "";
			projectRoot = "";
			targets = (
				1D6058900D05DD3D006BFB54 /* Example */,
			);
		};
/* End PBXProject section */

/* Begin PBXResourcesBuildPhase section */
		1D60588D0D05DD3D006BFB54 /* Resources */ = {
			isa = PBXResourcesBuildPhase;
			buildActionMask = 2147483647;
			files = (
				50F414F01069373D002A0D5E /* Default.png in Resources */,
				50F414F21069373D002A0D5E /* Icon.png in Resources */,
				E02BB504126CA50F006E46A2 /* Icon@2x.png in Resources */,
				E02BB505126CA50F006E46A2 /* Icon-Small@2x.png in Resources */,
				E02BB506126CA50F006E46A2 /* Icon-Small.png in Resources */,
				E02BB507126CA50F006E46A2 /* Icon-Small-50.png in Resources */,
				E02BB508126CA50F006E46A2 /* Icon-72.png in Resources */,
				E02BB763126CC1E0006E46A2 /* iTunesArtwork in Resources */,
				47B71D65137130680008113A /* streak1.png in Resources */,
				47B71D66137130680008113A /* streak2.png in Resources */,
				47B71D67137130680008113A /* streak3.png in Resources */,
				47B802CC13F269D9006B0B98 /* streak1-hd.png in Resources */,
				47B802CD13F269D9006B0B98 /* streak2-hd.png in Resources */,
				47B802CE13F269D9006B0B98 /* streak3-hd.png in Resources */,
				47B802D013F26A4C006B0B98 /* Default-hd.png in Resources */,
				473FCC4C156A6DC4007DD659 /* fps_images.png in Resources */,
				473FCC4D156A6DC4007DD659 /* fps_images-hd.png in Resources */,
				473FCC4E156A6DC4007DD659 /* fps_images-ipadhd.png in Resources */,
			);
			runOnlyForDeploymentPostprocessing = 0;
		};
/* End PBXResourcesBuildPhase section */

/* Begin PBXSourcesBuildPhase section */
		1D60588E0D05DD3D006BFB54 /* Sources */ = {
			isa = PBXSourcesBuildPhase;
			buildActionMask = 2147483647;
			files = (
				1D60589B0D05DD56006BFB54 /* main.m in Sources */,
				1F3B9A2D0EF2145700286867 /* ExampleAppDelegate.m in Sources */,
				47B71D60137130530008113A /* CCBlade.m in Sources */,
				47B71D61137130530008113A /* TouchTrailLayer.m in Sources */,
				473FCC44156A6B03007DD659 /* HelloWorldLayer.m in Sources */,
			);
			runOnlyForDeploymentPostprocessing = 0;
		};
/* End PBXSourcesBuildPhase section */

/* Begin XCBuildConfiguration section */
		1D6058940D05DD3E006BFB54 /* Debug */ = {
			isa = XCBuildConfiguration;
			buildSettings = {
				ALWAYS_SEARCH_USER_PATHS = NO;
				CLANG_ENABLE_OBJC_ARC = YES;
				"CODE_SIGN_IDENTITY[sdk=iphoneos*]" = "iPhone Developer: Duc Hiep Ngo (36Q6CZ7F37)";
				COPY_PHASE_STRIP = NO;
				DEBUG_INFORMATION_FORMAT = "dwarf-with-dsym";
				GCC_DYNAMIC_NO_PIC = NO;
				GCC_ENABLE_FIX_AND_CONTINUE = NO;
				GCC_OPTIMIZATION_LEVEL = 0;
				GCC_PRECOMPILE_PREFIX_HEADER = YES;
				GCC_PREFIX_HEADER = Example_Prefix.pch;
				GCC_TREAT_WARNINGS_AS_ERRORS = NO;
				GCC_VERSION = com.apple.compilers.llvm.clang.1_0;
				HEADER_SEARCH_PATHS = "~/Programming/SharedLibs/Cocos/include/**";
				INFOPLIST_FILE = Resources/Info.plist;
				IPHONEOS_DEPLOYMENT_TARGET = 3.1;
				LIBRARY_SEARCH_PATHS = "~/Programming/SharedLibs/Cocos/lib/**";
				ONLY_ACTIVE_ARCH = YES;
				OTHER_LDFLAGS = "-lCocos";
				PREBINDING = NO;
				PRODUCT_NAME = CCBlade;
				"PROVISIONING_PROFILE[sdk=iphoneos*]" = "9FC23DC7-CB28-4671-9494-EB7B1F3ABCBE";
				TARGETED_DEVICE_FAMILY = 1;
				WARNING_CFLAGS = "-Wall";
			};
			name = Debug;
		};
		1D6058950D05DD3E006BFB54 /* Release */ = {
			isa = XCBuildConfiguration;
			buildSettings = {
				ALWAYS_SEARCH_USER_PATHS = NO;
				CLANG_ENABLE_OBJC_ARC = YES;
				"CODE_SIGN_IDENTITY[sdk=iphoneos*]" = "iPhone Developer: Duc Hiep Ngo (36Q6CZ7F37)";
				COPY_PHASE_STRIP = YES;
				DEBUG_INFORMATION_FORMAT = "dwarf-with-dsym";
				GCC_ENABLE_FIX_AND_CONTINUE = NO;
				GCC_PRECOMPILE_PREFIX_HEADER = YES;
				GCC_PREFIX_HEADER = Example_Prefix.pch;
				GCC_TREAT_WARNINGS_AS_ERRORS = NO;
				GCC_VERSION = com.apple.compilers.llvm.clang.1_0;
				HEADER_SEARCH_PATHS = "~/Programming/SharedLibs/Cocos/include/**";
				INFOPLIST_FILE = Resources/Info.plist;
				IPHONEOS_DEPLOYMENT_TARGET = 3.1;
				LIBRARY_SEARCH_PATHS = "~/Programming/SharedLibs/Cocos/lib/**";
				ONLY_ACTIVE_ARCH = NO;
				OTHER_LDFLAGS = "-lCocos";
				PREBINDING = NO;
				PRODUCT_NAME = CCBlade;
				"PROVISIONING_PROFILE[sdk=iphoneos*]" = "9FC23DC7-CB28-4671-9494-EB7B1F3ABCBE";
				TARGETED_DEVICE_FAMILY = 1;
				WARNING_CFLAGS = "-Wall";
			};
			name = Release;
		};
		C01FCF4F08A954540054247B /* Debug */ = {
			isa = XCBuildConfiguration;
			buildSettings = {
				ALWAYS_SEARCH_USER_PATHS = NO;
				ARCHS = "$(ARCHS_STANDARD_32_BIT)";
				"CODE_SIGN_IDENTITY[sdk=iphoneos*]" = "iPhone Developer";
				GCC_C_LANGUAGE_STANDARD = c99;
				GCC_PREPROCESSOR_DEFINITIONS = (
					DEBUG,
					"COCOS2D_DEBUG=1",
					"CD_DEBUG=1",
				);
				"GCC_THUMB_SUPPORT[arch=armv6]" = NO;
				"GCC_THUMB_SUPPORT[arch=armv7]" = YES;
				GCC_VERSION = com.apple.compilers.llvmgcc42;
				GCC_WARN_ABOUT_RETURN_TYPE = YES;
				GCC_WARN_UNUSED_VARIABLE = YES;
				IPHONEOS_DEPLOYMENT_TARGET = 3.0;
				ONLY_ACTIVE_ARCH = YES;
				PREBINDING = NO;
				SDKROOT = iphoneos;
				TARGETED_DEVICE_FAMILY = "1,2";
			};
			name = Debug;
		};
		C01FCF5008A954540054247B /* Release */ = {
			isa = XCBuildConfiguration;
			buildSettings = {
				ALWAYS_SEARCH_USER_PATHS = NO;
				ARCHS = "$(ARCHS_STANDARD_32_BIT)";
				"CODE_SIGN_IDENTITY[sdk=iphoneos*]" = "iPhone Developer";
				GCC_C_LANGUAGE_STANDARD = c99;
				"GCC_THUMB_SUPPORT[arch=armv6]" = NO;
				"GCC_THUMB_SUPPORT[arch=armv7]" = YES;
				GCC_UNROLL_LOOPS = YES;
				GCC_VERSION = com.apple.compilers.llvmgcc42;
				GCC_WARN_ABOUT_RETURN_TYPE = YES;
				GCC_WARN_UNUSED_VARIABLE = YES;
				IPHONEOS_DEPLOYMENT_TARGET = 3.0;
				PREBINDING = NO;
				SDKROOT = iphoneos;
				TARGETED_DEVICE_FAMILY = "1,2";
			};
			name = Release;
		};
/* End XCBuildConfiguration section */

/* Begin XCConfigurationList section */
		1D6058960D05DD3E006BFB54 /* Build configuration list for PBXNativeTarget "Example" */ = {
			isa = XCConfigurationList;
			buildConfigurations = (
				1D6058940D05DD3E006BFB54 /* Debug */,
				1D6058950D05DD3E006BFB54 /* Release */,
			);
			defaultConfigurationIsVisible = 0;
			defaultConfigurationName = Release;
		};
		C01FCF4E08A954540054247B /* Build configuration list for PBXProject "Example" */ = {
			isa = XCConfigurationList;
			buildConfigurations = (
				C01FCF4F08A954540054247B /* Debug */,
				C01FCF5008A954540054247B /* Release */,
			);
			defaultConfigurationIsVisible = 0;
			defaultConfigurationName = Release;
		};
/* End XCConfigurationList section */
	};
	rootObject = 29B97313FDCFA39411CA2CEA /* Project object */;
}
